
Microsoft Visual Studio Solution File, Format Version 12.00
# Visual Studio Version 17
VisualStudioVersion = 17.6.33829.357
MinimumVisualStudioVersion = 10.0.40219.1
Project("{FAE04EC0-301F-11D3-BF4B-00C04F79EFBC}") = "GerenciamentoBiblioteca", "GerenciamentoBiblioteca\GerenciamentoBiblioteca.csproj", "{E74F68ED-0FF7-4FA9-8CBD-03A0A1BC6CF8}"
EndProject
Global
	GlobalSection(SolutionConfigurationPlatforms) = preSolution
		Debug|Any CPU = Debug|Any CPU
		Release|Any CPU = Release|Any CPU
	EndGlobalSection
	GlobalSection(ProjectConfigurationPlatforms) = postSolution
		{E74F68ED-0FF7-4FA9-8CBD-03A0A1BC6CF8}.Debug|Any CPU.ActiveCfg = Debug|Any CPU
		{E74F68ED-0FF7-4FA9-8CBD-03A0A1BC6CF8}.Debug|Any CPU.Build.0 = Debug|Any CPU
		{E74F68ED-0FF7-4FA9-8CBD-03A0A1BC6CF8}.Release|Any CPU.ActiveCfg = Release|Any CPU
		{E74F68ED-0FF7-4FA9-8CBD-03A0A1BC6CF8}.Release|Any CPU.Build.0 = Release|Any CPU
	EndGlobalSection
	GlobalSection(SolutionProperties) = preSolution
		HideSolutionNode = FALSE
	EndGlobalSection
	GlobalSection(ExtensibilityGlobals) = postSolution
		SolutionGuid = {7F11D8EB-FD71-408B-90FA-4E76E45614FA}
	EndGlobalSection
EndGlobal
